
Microsoft Visual Studio Solution File, Format Version 12.00
# Visual Studio Version 17
VisualStudioVersion = 17.4.33213.308
MinimumVisualStudioVersion = 10.0.40219.1
Project("{FAE04EC0-301F-11D3-BF4B-00C04F79EFBC}") = "Pr.4 var 3", "Pr.4 var 3\Pr.4 var 3.csproj", "{F98C73C1-B26B-43DA-AB58-EE5E89FF0FAB}"
EndProject
Global
	GlobalSection(SolutionConfigurationPlatforms) = preSolution
		Debug|Any CPU = Debug|Any CPU
		Release|Any CPU = Release|Any CPU
	EndGlobalSection
	GlobalSection(ProjectConfigurationPlatforms) = postSolution
		{F98C73C1-B26B-43DA-AB58-EE5E89FF0FAB}.Debug|Any CPU.ActiveCfg = Debug|Any CPU
		{F98C73C1-B26B-43DA-AB58-EE5E89FF0FAB}.Debug|Any CPU.Build.0 = Debug|Any CPU
		{F98C73C1-B26B-43DA-AB58-EE5E89FF0FAB}.Release|Any CPU.ActiveCfg = Release|Any CPU
		{F98C73C1-B26B-43DA-AB58-EE5E89FF0FAB}.Release|Any CPU.Build.0 = Release|Any CPU
	EndGlobalSection
	GlobalSection(SolutionProperties) = preSolution
		HideSolutionNode = FALSE
	EndGlobalSection
	GlobalSection(ExtensibilityGlobals) = postSolution
		SolutionGuid = {32C59A40-4D49-45B8-9131-BCB309DC7BC2}
	EndGlobalSection
EndGlobal
